PODS:
  - RealtimeWatchdog (1.0.1)
  - TPCircularBuffer (1.5)

DEPENDENCIES:
  - RealtimeWatchdog
  - TPCircularBuffer

SPEC CHECKSUMS:
  RealtimeWatchdog: 972e1bf69df2074b5e2f1cb458cb71125286b040
  TPCircularBuffer: 5196b690383e7bc54771e2f26e10c17cd928bd22

PODFILE CHECKSUM: c6e9d8696f09cae0974abd6fad12cd7745e1a036

COCOAPODS: 1.3.1
