PODS:
  - RealtimeWatchdog (1.0.1)
  - TPCircularBuffer (1.4)

DEPENDENCIES:
  - RealtimeWatchdog
  - TPCircularBuffer

SPEC CHECKSUMS:
  RealtimeWatchdog: 972e1bf69df2074b5e2f1cb458cb71125286b040
  TPCircularBuffer: c0160545b63019adf85231e3de543bbc97cb9041

PODFILE CHECKSUM: 9215dbf2a328308791ef15eacd33311e9bd57ceb

COCOAPODS: 1.3.1
